{
  "name": "vente-pieces-voitures-version-finale",
  "lockfileVersion": 3,
  "requires": true,
  "packages": {
    "": {
      "dependencies": {
        "faker": "^6.6.6",
        "lorem-picsum": "^1.0.0"
      }
    },
    "node_modules/faker": {
      "version": "6.6.6",
      "resolved": "https://registry.npmjs.org/faker/-/faker-6.6.6.tgz",
      "integrity": "sha512-9tCqYEDHI5RYFQigXFwF1hnCwcWCOJl/hmll0lr5D2Ljjb0o4wphb69wikeJDz5qCEzXCoPvG6ss5SDP6IfOdg=="
    },
    "node_modules/lorem-picsum": {
      "version": "1.0.0",
      "resolved": "https://registry.npmjs.org/lorem-picsum/-/lorem-picsum-1.0.0.tgz",
      "integrity": "sha512-wlX4JflX6HnyyK96rLC0jPdbIj73Jb0J2QmpJmmWxXnftTLkVn76uEdBDcLEQWlYwokrFpVNafIX93A7tWhE0w=="
    }
  }
}
